# This file is automatically @generated by Cargo.
# It is not intended for manual editing.
[[package]]
name = "addons"
version = "0.1.0"
dependencies = [
 "semver-parser 0.9.0 (registry+https://github.com/rust-lang/crates.io-index)",
]

[[package]]
name = "semver-parser"
version = "0.9.0"
source = "registry+https://github.com/rust-lang/crates.io-index"

[metadata]
"checksum semver-parser 0.9.0 (registry+https://github.com/rust-lang/crates.io-index)" = "b46e1121e8180c12ff69a742aabc4f310542b6ccb69f1691689ac17fdf8618aa"
